// !$*UTF8*$!
{
	archiveVersion = 1;
	classes = {
	};
	objectVersion = 46;
	objects = {

/* Begin PBXBuildFile section */
		913B41111908026100BE6647 /* botpipeFlappy.png in Resources */ = {isa = PBXBuildFile; fileRef = 913B40E71908026100BE6647 /* botpipeFlappy.png */; };
		913B41121908026100BE6647 /* brianellis.png in Resources */ = {isa = PBXBuildFile; fileRef = 913B40E81908026100BE6647 /* brianellis.png */; };
		913B41131908026100BE6647 /* cardo.jpg in Resources */ = {isa = PBXBuildFile; fileRef = 913B40E91908026100BE6647 /* cardo.jpg */; };
		913B41141908026100BE6647 /* CardosFace.png in Resources */ = {isa = PBXBuildFile; fileRef = 913B40EA1908026100BE6647 /* CardosFace.png */; };
		913B41151908026100BE6647 /* caseyjump.png in Resources */ = {isa = PBXBuildFile; fileRef = 913B40EB1908026100BE6647 /* caseyjump.png */; };
		913B41161908026100BE6647 /* caseywalking1.paint in Resources */ = {isa = PBXBuildFile; fileRef = 913B40EC1908026100BE6647 /* caseywalking1.paint */; };
		913B41171908026100BE6647 /* caseywalking1copy.png in Resources */ = {isa = PBXBuildFile; fileRef = 913B40ED1908026100BE6647 /* caseywalking1copy.png */; };
		913B41181908026100BE6647 /* caseywalking2.paint in Resources */ = {isa = PBXBuildFile; fileRef = 913B40EE1908026100BE6647 /* caseywalking2.paint */; };
		913B41191908026100BE6647 /* caseywalking2.png in Resources */ = {isa = PBXBuildFile; fileRef = 913B40EF1908026100BE6647 /* caseywalking2.png */; };
		913B411A1908026100BE6647 /* dorito.jpg in Resources */ = {isa = PBXBuildFile; fileRef = 913B40F01908026100BE6647 /* dorito.jpg */; };
		913B411B1908026100BE6647 /* ellisasabird.png in Resources */ = {isa = PBXBuildFile; fileRef = 913B40F11908026100BE6647 /* ellisasabird.png */; };
		913B411C1908026100BE6647 /* ellisBirdUp.paint in Resources */ = {isa = PBXBuildFile; fileRef = 913B40F21908026100BE6647 /* ellisBirdUp.paint */; };
		913B411D1908026100BE6647 /* ellisBirdUp.png in Resources */ = {isa = PBXBuildFile; fileRef = 913B40F31908026100BE6647 /* ellisBirdUp.png */; };
		913B411E1908026100BE6647 /* ellishead.png in Resources */ = {isa = PBXBuildFile; fileRef = 913B40F41908026100BE6647 /* ellishead.png */; };
		913B411F1908026100BE6647 /* ellisheaddown.paint in Resources */ = {isa = PBXBuildFile; fileRef = 913B40F51908026100BE6647 /* ellisheaddown.paint */; };
		913B41201908026100BE6647 /* ellisheaddown.png in Resources */ = {isa = PBXBuildFile; fileRef = 913B40F61908026100BE6647 /* ellisheaddown.png */; };
		913B41211908026100BE6647 /* EllisRedBirdDown.paint in Resources */ = {isa = PBXBuildFile; fileRef = 913B40F71908026100BE6647 /* EllisRedBirdDown.paint */; };
		913B41221908026100BE6647 /* EllisRedBirdDown.png in Resources */ = {isa = PBXBuildFile; fileRef = 913B40F81908026100BE6647 /* EllisRedBirdDown.png */; };
		913B41231908026100BE6647 /* EllisRedBirdUp.png in Resources */ = {isa = PBXBuildFile; fileRef = 913B40F91908026100BE6647 /* EllisRedBirdUp.png */; };
		913B41241908026100BE6647 /* ellissmallbird.png in Resources */ = {isa = PBXBuildFile; fileRef = 913B40FA1908026100BE6647 /* ellissmallbird.png */; };
		913B41251908026100BE6647 /* fatCaedomove1.png in Resources */ = {isa = PBXBuildFile; fileRef = 913B40FB1908026100BE6647 /* fatCaedomove1.png */; };
		913B41261908026100BE6647 /* fatCardo.png in Resources */ = {isa = PBXBuildFile; fileRef = 913B40FC1908026100BE6647 /* fatCardo.png */; };
		913B41271908026100BE6647 /* fatcardo2.png in Resources */ = {isa = PBXBuildFile; fileRef = 913B40FD1908026100BE6647 /* fatcardo2.png */; };
		913B41281908026100BE6647 /* fatcardojump1.png in Resources */ = {isa = PBXBuildFile; fileRef = 913B40FE1908026100BE6647 /* fatcardojump1.png */; };
		913B41291908026100BE6647 /* fatcardojump1body.png in Resources */ = {isa = PBXBuildFile; fileRef = 913B40FF1908026100BE6647 /* fatcardojump1body.png */; };
		913B412A1908026100BE6647 /* fatcardojump1layer.paint in Resources */ = {isa = PBXBuildFile; fileRef = 913B41001908026100BE6647 /* fatcardojump1layer.paint */; };
		913B412B1908026100BE6647 /* fatCardomove2.png in Resources */ = {isa = PBXBuildFile; fileRef = 913B41011908026100BE6647 /* fatCardomove2.png */; };
		913B412C1908026100BE6647 /* fatsprites.jpg in Resources */ = {isa = PBXBuildFile; fileRef = 913B41021908026100BE6647 /* fatsprites.jpg */; };
		913B412D1908026100BE6647 /* flappground.png in Resources */ = {isa = PBXBuildFile; fileRef = 913B41031908026100BE6647 /* flappground.png */; };
		913B412E1908026100BE6647 /* flappybird.png in Resources */ = {isa = PBXBuildFile; fileRef = 913B41041908026100BE6647 /* flappybird.png */; };
		913B412F1908026100BE6647 /* flappybirdbackground.png in Resources */ = {isa = PBXBuildFile; fileRef = 913B41051908026100BE6647 /* flappybirdbackground.png */; };
		913B41301908026100BE6647 /* flappyBirdsprite.png in Resources */ = {isa = PBXBuildFile; fileRef = 913B41061908026100BE6647 /* flappyBirdsprite.png */; };
		913B41311908026100BE6647 /* grey.png in Resources */ = {isa = PBXBuildFile; fileRef = 913B41071908026100BE6647 /* grey.png */; };
		913B41321908026100BE6647 /* image2.jpg in Resources */ = {isa = PBXBuildFile; fileRef = 913B41081908026100BE6647 /* image2.jpg */; };
		913B41331908026100BE6647 /* image3.jpg in Resources */ = {isa = PBXBuildFile; fileRef = 913B41091908026100BE6647 /* image3.jpg */; };
		913B41341908026100BE6647 /* image4.jpg in Resources */ = {isa = PBXBuildFile; fileRef = 913B410A1908026100BE6647 /* image4.jpg */; };
		913B41351908026100BE6647 /* pipe.png in Resources */ = {isa = PBXBuildFile; fileRef = 913B410B1908026100BE6647 /* pipe.png */; };
		913B41361908026100BE6647 /* sonic_2_xl.jpg in Resources */ = {isa = PBXBuildFile; fileRef = 913B410C1908026100BE6647 /* sonic_2_xl.jpg */; };
		913B41371908026100BE6647 /* sonicFat2.paint in Resources */ = {isa = PBXBuildFile; fileRef = 913B410D1908026100BE6647 /* sonicFat2.paint */; };
		913B41381908026100BE6647 /* sonicFat2.png in Resources */ = {isa = PBXBuildFile; fileRef = 913B410E1908026100BE6647 /* sonicFat2.png */; };
		913B41391908026100BE6647 /* taco.jpg in Resources */ = {isa = PBXBuildFile; fileRef = 913B410F1908026100BE6647 /* taco.jpg */; };
		913B413A1908026100BE6647 /* topPipeflappy.png in Resources */ = {isa = PBXBuildFile; fileRef = 913B41101908026100BE6647 /* topPipeflappy.png */; };
		913C00FA190C6C0500366753 /* matchingViewController.m in Sources */ = {isa = PBXBuildFile; fileRef = 913C00F9190C6C0500366753 /* matchingViewController.m */; };
		913C00FC1910341200366753 /* alarm_clock_buzzer_ringing.mp3 in Resources */ = {isa = PBXBuildFile; fileRef = 913C00FB1910341200366753 /* alarm_clock_buzzer_ringing.mp3 */; };
		913C00FE191038B800366753 /* AVFoundation.framework in Frameworks */ = {isa = PBXBuildFile; fileRef = 913C00FD191038B800366753 /* AVFoundation.framework */; };
		913C014A191161E400366753 /* Game2.m in Sources */ = {isa = PBXBuildFile; fileRef = 913C0149191161E400366753 /* Game2.m */; };
		913C014D1911627B00366753 /* Cuddler2.m in Sources */ = {isa = PBXBuildFile; fileRef = 913C014C1911627B00366753 /* Cuddler2.m */; };
		919E9E1818E8FFC50011217E /* Foundation.framework in Frameworks */ = {isa = PBXBuildFile; fileRef = 919E9E1718E8FFC50011217E /* Foundation.framework */; };
		919E9E1A18E8FFC50011217E /* CoreGraphics.framework in Frameworks */ = {isa = PBXBuildFile; fileRef = 919E9E1918E8FFC50011217E /* CoreGraphics.framework */; };
		919E9E1C18E8FFC50011217E /* UIKit.framework in Frameworks */ = {isa = PBXBuildFile; fileRef = 919E9E1B18E8FFC50011217E /* UIKit.framework */; };
		919E9E2218E8FFC50011217E /* InfoPlist.strings in Resources */ = {isa = PBXBuildFile; fileRef = 919E9E2018E8FFC50011217E /* InfoPlist.strings */; };
		919E9E2418E8FFC50011217E /* main.m in Sources */ = {isa = PBXBuildFile; fileRef = 919E9E2318E8FFC50011217E /* main.m */; };
		919E9E2818E8FFC50011217E /* SnoozlessAppDelegate.m in Sources */ = {isa = PBXBuildFile; fileRef = 919E9E2718E8FFC50011217E /* SnoozlessAppDelegate.m */; };
		919E9E2B18E8FFC50011217E /* Main.storyboard in Resources */ = {isa = PBXBuildFile; fileRef = 919E9E2918E8FFC50011217E /* Main.storyboard */; };
		919E9E2E18E8FFC50011217E /* SnoozlessMasterViewController.m in Sources */ = {isa = PBXBuildFile; fileRef = 919E9E2D18E8FFC50011217E /* SnoozlessMasterViewController.m */; };
		919E9E3118E8FFC50011217E /* SnoozlessDetailViewController.m in Sources */ = {isa = PBXBuildFile; fileRef = 919E9E3018E8FFC50011217E /* SnoozlessDetailViewController.m */; };
		919E9E3318E8FFC50011217E /* Images.xcassets in Resources */ = {isa = PBXBuildFile; fileRef = 919E9E3218E8FFC50011217E /* Images.xcassets */; };
		919E9E3A18E8FFC50011217E /* XCTest.framework in Frameworks */ = {isa = PBXBuildFile; fileRef = 919E9E3918E8FFC50011217E /* XCTest.framework */; };
		919E9E3B18E8FFC50011217E /* Foundation.framework in Frameworks */ = {isa = PBXBuildFile; fileRef = 919E9E1718E8FFC50011217E /* Foundation.framework */; };
		919E9E3C18E8FFC50011217E /* UIKit.framework in Frameworks */ = {isa = PBXBuildFile; fileRef = 919E9E1B18E8FFC50011217E /* UIKit.framework */; };
		919E9E4418E8FFC50011217E /* InfoPlist.strings in Resources */ = {isa = PBXBuildFile; fileRef = 919E9E4218E8FFC50011217E /* InfoPlist.strings */; };
		919E9E4618E8FFC50011217E /* snoozlessAlarmTests.m in Sources */ = {isa = PBXBuildFile; fileRef = 919E9E4518E8FFC50011217E /* snoozlessAlarmTests.m */; };
		919E9E5118E900FC0011217E /* Alarm.m in Sources */ = {isa = PBXBuildFile; fileRef = 919E9E5018E900FC0011217E /* Alarm.m */; };
		919E9E5318E9DD4A0011217E /* EventKit.framework in Frameworks */ = {isa = PBXBuildFile; fileRef = 919E9E5218E9DD4A0011217E /* EventKit.framework */; };
/* End PBXBuildFile section */

/* Begin PBXContainerItemProxy section */
		919E9E3D18E8FFC50011217E /* PBXContainerItemProxy */ = {
			isa = PBXContainerItemProxy;
			containerPortal = 919E9E0C18E8FFC50011217E /* Project object */;
			proxyType = 1;
			remoteGlobalIDString = 919E9E1318E8FFC50011217E;
			remoteInfo = snoozlessAlarm;
		};
/* End PBXContainerItemProxy section */

/* Begin PBXFileReference section */
		913B40E71908026100BE6647 /* botpipeFlappy.png */ = {isa = PBXFileReference; lastKnownFileType = image.png; path = botpipeFlappy.png; sourceTree = "<group>"; };
		913B40E81908026100BE6647 /* brianellis.png */ = {isa = PBXFileReference; lastKnownFileType = image.png; path = brianellis.png; sourceTree = "<group>"; };
		913B40E91908026100BE6647 /* cardo.jpg */ = {isa = PBXFileReference; lastKnownFileType = image.jpeg; path = cardo.jpg; sourceTree = "<group>"; };
		913B40EA1908026100BE6647 /* CardosFace.png */ = {isa = PBXFileReference; lastKnownFileType = image.png; path = CardosFace.png; sourceTree = "<group>"; };
		913B40EB1908026100BE6647 /* caseyjump.png */ = {isa = PBXFileReference; lastKnownFileType = image.png; path = caseyjump.png; sourceTree = "<group>"; };
		913B40EC1908026100BE6647 /* caseywalking1.paint */ = {isa = PBXFileReference; lastKnownFileType = file.bplist; path = caseywalking1.paint; sourceTree = "<group>"; };
		913B40ED1908026100BE6647 /* caseywalking1copy.png */ = {isa = PBXFileReference; lastKnownFileType = image.png; path = caseywalking1copy.png; sourceTree = "<group>"; };
		913B40EE1908026100BE6647 /* caseywalking2.paint */ = {isa = PBXFileReference; lastKnownFileType = file.bplist; path = caseywalking2.paint; sourceTree = "<group>"; };
		913B40EF1908026100BE6647 /* caseywalking2.png */ = {isa = PBXFileReference; lastKnownFileType = image.png; path = caseywalking2.png; sourceTree = "<group>"; };
		913B40F01908026100BE6647 /* dorito.jpg */ = {isa = PBXFileReference; lastKnownFileType = image.jpeg; path = dorito.jpg; sourceTree = "<group>"; };
		913B40F11908026100BE6647 /* ellisasabird.png */ = {isa = PBXFileReference; lastKnownFileType = image.png; path = ellisasabird.png; sourceTree = "<group>"; };
		913B40F21908026100BE6647 /* ellisBirdUp.paint */ = {isa = PBXFileReference; lastKnownFileType = file.bplist; path = ellisBirdUp.paint; sourceTree = "<group>"; };
		913B40F31908026100BE6647 /* ellisBirdUp.png */ = {isa = PBXFileReference; lastKnownFileType = image.png; path = ellisBirdUp.png; sourceTree = "<group>"; };
		913B40F41908026100BE6647 /* ellishead.png */ = {isa = PBXFileReference; lastKnownFileType = image.png; path = ellishead.png; sourceTree = "<group>"; };
		913B40F51908026100BE6647 /* ellisheaddown.paint */ = {isa = PBXFileReference; lastKnownFileType = file.bplist; path = ellisheaddown.paint; sourceTree = "<group>"; };
		913B40F61908026100BE6647 /* ellisheaddown.png */ = {isa = PBXFileReference; lastKnownFileType = image.png; path = ellisheaddown.png; sourceTree = "<group>"; };
		913B40F71908026100BE6647 /* EllisRedBirdDown.paint */ = {isa = PBXFileReference; lastKnownFileType = file.bplist; path = EllisRedBirdDown.paint; sourceTree = "<group>"; };
		913B40F81908026100BE6647 /* EllisRedBirdDown.png */ = {isa = PBXFileReference; lastKnownFileType = image.png; path = EllisRedBirdDown.png; sourceTree = "<group>"; };
		913B40F91908026100BE6647 /* EllisRedBirdUp.png */ = {isa = PBXFileReference; lastKnownFileType = image.png; path = EllisRedBirdUp.png; sourceTree = "<group>"; };
		913B40FA1908026100BE6647 /* ellissmallbird.png */ = {isa = PBXFileReference; lastKnownFileType = image.png; path = ellissmallbird.png; sourceTree = "<group>"; };
		913B40FB1908026100BE6647 /* fatCaedomove1.png */ = {isa = PBXFileReference; lastKnownFileType = image.png; path = fatCaedomove1.png; sourceTree = "<group>"; };
		913B40FC1908026100BE6647 /* fatCardo.png */ = {isa = PBXFileReference; lastKnownFileType = image.png; path = fatCardo.png; sourceTree = "<group>"; };
		913B40FD1908026100BE6647 /* fatcardo2.png */ = {isa = PBXFileReference; lastKnownFileType = image.png; path = fatcardo2.png; sourceTree = "<group>"; };
		913B40FE1908026100BE6647 /* fatcardojump1.png */ = {isa = PBXFileReference; lastKnownFileType = image.png; path = fatcardojump1.png; sourceTree = "<group>"; };
		913B40FF1908026100BE6647 /* fatcardojump1body.png */ = {isa = PBXFileReference; lastKnownFileType = image.png; path = fatcardojump1body.png; sourceTree = "<group>"; };
		913B41001908026100BE6647 /* fatcardojump1layer.paint */ = {isa = PBXFileReference; lastKnownFileType = file.bplist; path = fatcardojump1layer.paint; sourceTree = "<group>"; };
		913B41011908026100BE6647 /* fatCardomove2.png */ = {isa = PBXFileReference; lastKnownFileType = image.png; path = fatCardomove2.png; sourceTree = "<group>"; };
		913B41021908026100BE6647 /* fatsprites.jpg */ = {isa = PBXFileReference; lastKnownFileType = image.jpeg; path = fatsprites.jpg; sourceTree = "<group>"; };
		913B41031908026100BE6647 /* flappground.png */ = {isa = PBXFileReference; lastKnownFileType = image.png; path = flappground.png; sourceTree = "<group>"; };
		913B41041908026100BE6647 /* flappybird.png */ = {isa = PBXFileReference; lastKnownFileType = image.png; path = flappybird.png; sourceTree = "<group>"; };
		913B41051908026100BE6647 /* flappybirdbackground.png */ = {isa = PBXFileReference; lastKnownFileType = image.png; path = flappybirdbackground.png; sourceTree = "<group>"; };
		913B41061908026100BE6647 /* flappyBirdsprite.png */ = {isa = PBXFileReference; lastKnownFileType = image.png; path = flappyBirdsprite.png; sourceTree = "<group>"; };
		913B41071908026100BE6647 /* grey.png */ = {isa = PBXFileReference; lastKnownFileType = image.png; path = grey.png; sourceTree = "<group>"; };
		913B41081908026100BE6647 /* image2.jpg */ = {isa = PBXFileReference; lastKnownFileType = image.jpeg; path = image2.jpg; sourceTree = "<group>"; };
		913B41091908026100BE6647 /* image3.jpg */ = {isa = PBXFileReference; lastKnownFileType = image.jpeg; path = image3.jpg; sourceTree = "<group>"; };
		913B410A1908026100BE6647 /* image4.jpg */ = {isa = PBXFileReference; lastKnownFileType = image.jpeg; path = image4.jpg; sourceTree = "<group>"; };
		913B410B1908026100BE6647 /* pipe.png */ = {isa = PBXFileReference; lastKnownFileType = image.png; path = pipe.png; sourceTree = "<group>"; };
		913B410C1908026100BE6647 /* sonic_2_xl.jpg */ = {isa = PBXFileReference; lastKnownFileType = image.jpeg; path = sonic_2_xl.jpg; sourceTree = "<group>"; };
		913B410D1908026100BE6647 /* sonicFat2.paint */ = {isa = PBXFileReference; lastKnownFileType = file.bplist; path = sonicFat2.paint; sourceTree = "<group>"; };
		913B410E1908026100BE6647 /* sonicFat2.png */ = {isa = PBXFileReference; lastKnownFileType = image.png; path = sonicFat2.png; sourceTree = "<group>"; };
		913B410F1908026100BE6647 /* taco.jpg */ = {isa = PBXFileReference; lastKnownFileType = image.jpeg; path = taco.jpg; sourceTree = "<group>"; };
		913B41101908026100BE6647 /* topPipeflappy.png */ = {isa = PBXFileReference; lastKnownFileType = image.png; path = topPipeflappy.png; sourceTree = "<group>"; };
		913C00F8190C6C0500366753 /* matchingViewController.h */ = {isa = PBXFileReference; fileEncoding = 4; lastKnownFileType = sourcecode.c.h; path = matchingViewController.h; sourceTree = "<group>"; };
		913C00F9190C6C0500366753 /* matchingViewController.m */ = {isa = PBXFileReference; fileEncoding = 4; lastKnownFileType = sourcecode.c.objc; path = matchingViewController.m; sourceTree = "<group>"; };
		913C00FB1910341200366753 /* alarm_clock_buzzer_ringing.mp3 */ = {isa = PBXFileReference; lastKnownFileType = audio.mp3; name = alarm_clock_buzzer_ringing.mp3; path = ../../../Downloads/alarm_clock_buzzer_ringing.mp3; sourceTree = "<group>"; };
		913C00FD191038B800366753 /* AVFoundation.framework */ = {isa = PBXFileReference; lastKnownFileType = wrapper.framework; name = AVFoundation.framework; path = System/Library/Frameworks/AVFoundation.framework; sourceTree = SDKROOT; };
		913C0148191161E400366753 /* Game2.h */ = {isa = PBXFileReference; fileEncoding = 4; lastKnownFileType = sourcecode.c.h; path = Game2.h; sourceTree = "<group>"; };
		913C0149191161E400366753 /* Game2.m */ = {isa = PBXFileReference; fileEncoding = 4; lastKnownFileType = sourcecode.c.objc; path = Game2.m; sourceTree = "<group>"; };
		913C014B1911627B00366753 /* Cuddler2.h */ = {isa = PBXFileReference; fileEncoding = 4; lastKnownFileType = sourcecode.c.h; path = Cuddler2.h; sourceTree = "<group>"; };
		913C014C1911627B00366753 /* Cuddler2.m */ = {isa = PBXFileReference; fileEncoding = 4; lastKnownFileType = sourcecode.c.objc; path = Cuddler2.m; sourceTree = "<group>"; };
		919E9E1418E8FFC50011217E /* snoozlessAlarm.app */ = {isa = PBXFileReference; explicitFileType = wrapper.application; includeInIndex = 0; path = snoozlessAlarm.app; sourceTree = BUILT_PRODUCTS_DIR; };
		919E9E1718E8FFC50011217E /* Foundation.framework */ = {isa = PBXFileReference; lastKnownFileType = wrapper.framework; name = Foundation.framework; path = System/Library/Frameworks/Foundation.framework; sourceTree = SDKROOT; };
		919E9E1918E8FFC50011217E /* CoreGraphics.framework */ = {isa = PBXFileReference; lastKnownFileType = wrapper.framework; name = CoreGraphics.framework; path = System/Library/Frameworks/CoreGraphics.framework; sourceTree = SDKROOT; };
		919E9E1B18E8FFC50011217E /* UIKit.framework */ = {isa = PBXFileReference; lastKnownFileType = wrapper.framework; name = UIKit.framework; path = System/Library/Frameworks/UIKit.framework; sourceTree = SDKROOT; };
		919E9E1F18E8FFC50011217E /* snoozlessAlarm-Info.plist */ = {isa = PBXFileReference; lastKnownFileType = text.plist.xml; path = "snoozlessAlarm-Info.plist"; sourceTree = "<group>"; };
		919E9E2118E8FFC50011217E /* en */ = {isa = PBXFileReference; lastKnownFileType = text.plist.strings; name = en; path = en.lproj/InfoPlist.strings; sourceTree = "<group>"; };
		919E9E2318E8FFC50011217E /* main.m */ = {isa = PBXFileReference; lastKnownFileType = sourcecode.c.objc; path = main.m; sourceTree = "<group>"; };
		919E9E2518E8FFC50011217E /* snoozlessAlarm-Prefix.pch */ = {isa = PBXFileReference; lastKnownFileType = sourcecode.c.h; path = "snoozlessAlarm-Prefix.pch"; sourceTree = "<group>"; };
		919E9E2618E8FFC50011217E /* SnoozlessAppDelegate.h */ = {isa = PBXFileReference; lastKnownFileType = sourcecode.c.h; path = SnoozlessAppDelegate.h; sourceTree = "<group>"; };
		919E9E2718E8FFC50011217E /* SnoozlessAppDelegate.m */ = {isa = PBXFileReference; lastKnownFileType = sourcecode.c.objc; path = SnoozlessAppDelegate.m; sourceTree = "<group>"; };
		919E9E2A18E8FFC50011217E /* Base */ = {isa = PBXFileReference; lastKnownFileType = file.storyboard; name = Base; path = Base.lproj/Main.storyboard; sourceTree = "<group>"; };
		919E9E2C18E8FFC50011217E /* SnoozlessMasterViewController.h */ = {isa = PBXFileReference; lastKnownFileType = sourcecode.c.h; path = SnoozlessMasterViewController.h; sourceTree = "<group>"; };
		919E9E2D18E8FFC50011217E /* SnoozlessMasterViewController.m */ = {isa = PBXFileReference; lastKnownFileType = sourcecode.c.objc; path = SnoozlessMasterViewController.m; sourceTree = "<group>"; };
		919E9E2F18E8FFC50011217E /* SnoozlessDetailViewController.h */ = {isa = PBXFileReference; lastKnownFileType = sourcecode.c.h; path = SnoozlessDetailViewController.h; sourceTree = "<group>"; };
		919E9E3018E8FFC50011217E /* SnoozlessDetailViewController.m */ = {isa = PBXFileReference; lastKnownFileType = sourcecode.c.objc; path = SnoozlessDetailViewController.m; sourceTree = "<group>"; };
		919E9E3218E8FFC50011217E /* Images.xcassets */ = {isa = PBXFileReference; lastKnownFileType = folder.assetcatalog; path = Images.xcassets; sourceTree = "<group>"; };
		919E9E3818E8FFC50011217E /* snoozlessAlarmTests.xctest */ = {isa = PBXFileReference; explicitFileType = wrapper.cfbundle; includeInIndex = 0; path = snoozlessAlarmTests.xctest; sourceTree = BUILT_PRODUCTS_DIR; };
		919E9E3918E8FFC50011217E /* XCTest.framework */ = {isa = PBXFileReference; lastKnownFileType = wrapper.framework; name = XCTest.framework; path = Library/Frameworks/XCTest.framework; sourceTree = DEVELOPER_DIR; };
		919E9E4118E8FFC50011217E /* snoozlessAlarmTests-Info.plist */ = {isa = PBXFileReference; lastKnownFileType = text.plist.xml; path = "snoozlessAlarmTests-Info.plist"; sourceTree = "<group>"; };
		919E9E4318E8FFC50011217E /* en */ = {isa = PBXFileReference; lastKnownFileType = text.plist.strings; name = en; path = en.lproj/InfoPlist.strings; sourceTree = "<group>"; };
		919E9E4518E8FFC50011217E /* snoozlessAlarmTests.m */ = {isa = PBXFileReference; lastKnownFileType = sourcecode.c.objc; path = snoozlessAlarmTests.m; sourceTree = "<group>"; };
		919E9E4F18E900FC0011217E /* Alarm.h */ = {isa = PBXFileReference; fileEncoding = 4; lastKnownFileType = sourcecode.c.h; path = Alarm.h; sourceTree = "<group>"; };
		919E9E5018E900FC0011217E /* Alarm.m */ = {isa = PBXFileReference; fileEncoding = 4; lastKnownFileType = sourcecode.c.objc; path = Alarm.m; sourceTree = "<group>"; };
		919E9E5218E9DD4A0011217E /* EventKit.framework */ = {isa = PBXFileReference; lastKnownFileType = wrapper.framework; name = EventKit.framework; path = System/Library/Frameworks/EventKit.framework; sourceTree = SDKROOT; };
/* End PBXFileReference section */

/* Begin PBXFrameworksBuildPhase section */
		919E9E1118E8FFC50011217E /* Frameworks */ = {
			isa = PBXFrameworksBuildPhase;
			buildActionMask = 2147483647;
			files = (
				913C00FE191038B800366753 /* AVFoundation.framework in Frameworks */,
				919E9E5318E9DD4A0011217E /* EventKit.framework in Frameworks */,
				919E9E1A18E8FFC50011217E /* CoreGraphics.framework in Frameworks */,
				919E9E1C18E8FFC50011217E /* UIKit.framework in Frameworks */,
				919E9E1818E8FFC50011217E /* Foundation.framework in Frameworks */,
			);
			runOnlyForDeploymentPostprocessing = 0;
		};
		919E9E3518E8FFC50011217E /* Frameworks */ = {
			isa = PBXFrameworksBuildPhase;
			buildActionMask = 2147483647;
			files = (
				919E9E3A18E8FFC50011217E /* XCTest.framework in Frameworks */,
				919E9E3C18E8FFC50011217E /* UIKit.framework in Frameworks */,
				919E9E3B18E8FFC50011217E /* Foundation.framework in Frameworks */,
			);
			runOnlyForDeploymentPostprocessing = 0;
		};
/* End PBXFrameworksBuildPhase section */

/* Begin PBXGroup section */
		913B40E61908026100BE6647 /* programImages */ = {
			isa = PBXGroup;
			children = (
				913B40E71908026100BE6647 /* botpipeFlappy.png */,
				913B40E81908026100BE6647 /* brianellis.png */,
				913B40E91908026100BE6647 /* cardo.jpg */,
				913B40EA1908026100BE6647 /* CardosFace.png */,
				913B40EB1908026100BE6647 /* caseyjump.png */,
				913B40EC1908026100BE6647 /* caseywalking1.paint */,
				913B40ED1908026100BE6647 /* caseywalking1copy.png */,
				913B40EE1908026100BE6647 /* caseywalking2.paint */,
				913B40EF1908026100BE6647 /* caseywalking2.png */,
				913B40F01908026100BE6647 /* dorito.jpg */,
				913B40F11908026100BE6647 /* ellisasabird.png */,
				913B40F21908026100BE6647 /* ellisBirdUp.paint */,
				913B40F31908026100BE6647 /* ellisBirdUp.png */,
				913B40F41908026100BE6647 /* ellishead.png */,
				913B40F51908026100BE6647 /* ellisheaddown.paint */,
				913B40F61908026100BE6647 /* ellisheaddown.png */,
				913B40F71908026100BE6647 /* EllisRedBirdDown.paint */,
				913B40F81908026100BE6647 /* EllisRedBirdDown.png */,
				913B40F91908026100BE6647 /* EllisRedBirdUp.png */,
				913B40FA1908026100BE6647 /* ellissmallbird.png */,
				913B40FB1908026100BE6647 /* fatCaedomove1.png */,
				913B40FC1908026100BE6647 /* fatCardo.png */,
				913B40FD1908026100BE6647 /* fatcardo2.png */,
				913B40FE1908026100BE6647 /* fatcardojump1.png */,
				913B40FF1908026100BE6647 /* fatcardojump1body.png */,
				913B41001908026100BE6647 /* fatcardojump1layer.paint */,
				913B41011908026100BE6647 /* fatCardomove2.png */,
				913B41021908026100BE6647 /* fatsprites.jpg */,
				913B41031908026100BE6647 /* flappground.png */,
				913B41041908026100BE6647 /* flappybird.png */,
				913B41051908026100BE6647 /* flappybirdbackground.png */,
				913B41061908026100BE6647 /* flappyBirdsprite.png */,
				913B41071908026100BE6647 /* grey.png */,
				913B41081908026100BE6647 /* image2.jpg */,
				913B41091908026100BE6647 /* image3.jpg */,
				913B410A1908026100BE6647 /* image4.jpg */,
				913B410B1908026100BE6647 /* pipe.png */,
				913B410C1908026100BE6647 /* sonic_2_xl.jpg */,
				913B410D1908026100BE6647 /* sonicFat2.paint */,
				913B410E1908026100BE6647 /* sonicFat2.png */,
				913B410F1908026100BE6647 /* taco.jpg */,
				913B41101908026100BE6647 /* topPipeflappy.png */,
			);
			name = programImages;
			path = ../../programImages;
			sourceTree = "<group>";
		};
		919E9E0B18E8FFC50011217E = {
			isa = PBXGroup;
			children = (
				919E9E1D18E8FFC50011217E /* snoozlessAlarm */,
				919E9E3F18E8FFC50011217E /* snoozlessAlarmTests */,
				919E9E1618E8FFC50011217E /* Frameworks */,
				919E9E1518E8FFC50011217E /* Products */,
			);
			sourceTree = "<group>";
		};
		919E9E1518E8FFC50011217E /* Products */ = {
			isa = PBXGroup;
			children = (
				919E9E1418E8FFC50011217E /* snoozlessAlarm.app */,
				919E9E3818E8FFC50011217E /* snoozlessAlarmTests.xctest */,
			);
			name = Products;
			sourceTree = "<group>";
		};
		919E9E1618E8FFC50011217E /* Frameworks */ = {
			isa = PBXGroup;
			children = (
				913C00FD191038B800366753 /* AVFoundation.framework */,
				919E9E5218E9DD4A0011217E /* EventKit.framework */,
				919E9E1718E8FFC50011217E /* Foundation.framework */,
				919E9E1918E8FFC50011217E /* CoreGraphics.framework */,
				919E9E1B18E8FFC50011217E /* UIKit.framework */,
				919E9E3918E8FFC50011217E /* XCTest.framework */,
			);
			name = Frameworks;
			sourceTree = "<group>";
		};
		919E9E1D18E8FFC50011217E /* snoozlessAlarm */ = {
			isa = PBXGroup;
			children = (
				919E9E2618E8FFC50011217E /* SnoozlessAppDelegate.h */,
				919E9E2718E8FFC50011217E /* SnoozlessAppDelegate.m */,
				919E9E2918E8FFC50011217E /* Main.storyboard */,
				919E9E2C18E8FFC50011217E /* SnoozlessMasterViewController.h */,
				919E9E2D18E8FFC50011217E /* SnoozlessMasterViewController.m */,
				919E9E2F18E8FFC50011217E /* SnoozlessDetailViewController.h */,
				919E9E3018E8FFC50011217E /* SnoozlessDetailViewController.m */,
				919E9E4F18E900FC0011217E /* Alarm.h */,
				919E9E5018E900FC0011217E /* Alarm.m */,
				913C0148191161E400366753 /* Game2.h */,
				913C0149191161E400366753 /* Game2.m */,
				913C014B1911627B00366753 /* Cuddler2.h */,
				913C014C1911627B00366753 /* Cuddler2.m */,
				913C00F8190C6C0500366753 /* matchingViewController.h */,
				913C00F9190C6C0500366753 /* matchingViewController.m */,
				919E9E3218E8FFC50011217E /* Images.xcassets */,
				913B40E61908026100BE6647 /* programImages */,
				919E9E1E18E8FFC50011217E /* Supporting Files */,
			);
			path = snoozlessAlarm;
			sourceTree = "<group>";
		};
		919E9E1E18E8FFC50011217E /* Supporting Files */ = {
			isa = PBXGroup;
			children = (
				913C00FB1910341200366753 /* alarm_clock_buzzer_ringing.mp3 */,
				919E9E1F18E8FFC50011217E /* snoozlessAlarm-Info.plist */,
				919E9E2018E8FFC50011217E /* InfoPlist.strings */,
				919E9E2318E8FFC50011217E /* main.m */,
				919E9E2518E8FFC50011217E /* snoozlessAlarm-Prefix.pch */,
			);
			name = "Supporting Files";
			sourceTree = "<group>";
		};
		919E9E3F18E8FFC50011217E /* snoozlessAlarmTests */ = {
			isa = PBXGroup;
			children = (
				919E9E4518E8FFC50011217E /* snoozlessAlarmTests.m */,
				919E9E4018E8FFC50011217E /* Supporting Files */,
			);
			path = snoozlessAlarmTests;
			sourceTree = "<group>";
		};
		919E9E4018E8FFC50011217E /* Supporting Files */ = {
			isa = PBXGroup;
			children = (
				919E9E4118E8FFC50011217E /* snoozlessAlarmTests-Info.plist */,
				919E9E4218E8FFC50011217E /* InfoPlist.strings */,
			);
			name = "Supporting Files";
			sourceTree = "<group>";
		};
/* End PBXGroup section */

/* Begin PBXNativeTarget section */
		919E9E1318E8FFC50011217E /* snoozlessAlarm */ = {
			isa = PBXNativeTarget;
			buildConfigurationList = 919E9E4918E8FFC50011217E /* Build configuration list for PBXNativeTarget "snoozlessAlarm" */;
			buildPhases = (
				919E9E1018E8FFC50011217E /* Sources */,
				919E9E1118E8FFC50011217E /* Frameworks */,
				919E9E1218E8FFC50011217E /* Resources */,
			);
			buildRules = (
			);
			dependencies = (
			);
			name = snoozlessAlarm;
			productName = snoozlessAlarm;
			productReference = 919E9E1418E8FFC50011217E /* snoozlessAlarm.app */;
			productType = "com.apple.product-type.application";
		};
		919E9E3718E8FFC50011217E /* snoozlessAlarmTests */ = {
			isa = PBXNativeTarget;
			buildConfigurationList = 919E9E4C18E8FFC50011217E /* Build configuration list for PBXNativeTarget "snoozlessAlarmTests" */;
			buildPhases = (
				919E9E3418E8FFC50011217E /* Sources */,
				919E9E3518E8FFC50011217E /* Frameworks */,
				919E9E3618E8FFC50011217E /* Resources */,
			);
			buildRules = (
			);
			dependencies = (
				919E9E3E18E8FFC50011217E /* PBXTargetDependency */,
			);
			name = snoozlessAlarmTests;
			productName = snoozlessAlarmTests;
			productReference = 919E9E3818E8FFC50011217E /* snoozlessAlarmTests.xctest */;
			productType = "com.apple.product-type.bundle.unit-test";
		};
/* End PBXNativeTarget section */

/* Begin PBXProject section */
		919E9E0C18E8FFC50011217E /* Project object */ = {
			isa = PBXProject;
			attributes = {
				CLASSPREFIX = Snoozless;
				LastUpgradeCheck = 0510;
				ORGANIZATIONNAME = "Doug Goss";
				TargetAttributes = {
					919E9E3718E8FFC50011217E = {
						TestTargetID = 919E9E1318E8FFC50011217E;
					};
				};
			};
			buildConfigurationList = 919E9E0F18E8FFC50011217E /* Build configuration list for PBXProject "snoozlessAlarm" */;
			compatibilityVersion = "Xcode 3.2";
			developmentRegion = English;
			hasScannedForEncodings = 0;
			knownRegions = (
				en,
				Base,
			);
			mainGroup = 919E9E0B18E8FFC50011217E;
			productRefGroup = 919E9E1518E8FFC50011217E /* Products */;
			projectDirPath = "";
			projectRoot = "";
			targets = (
				919E9E1318E8FFC50011217E /* snoozlessAlarm */,
				919E9E3718E8FFC50011217E /* snoozlessAlarmTests */,
			);
		};
/* End PBXProject section */

/* Begin PBXResourcesBuildPhase section */
		919E9E1218E8FFC50011217E /* Resources */ = {
			isa = PBXResourcesBuildPhase;
			buildActionMask = 2147483647;
			files = (
				913B41301908026100BE6647 /* flappyBirdsprite.png in Resources */,
				913B41351908026100BE6647 /* pipe.png in Resources */,
				913B411F1908026100BE6647 /* ellisheaddown.paint in Resources */,
				913B41311908026100BE6647 /* grey.png in Resources */,
				913B41121908026100BE6647 /* brianellis.png in Resources */,
				913B412C1908026100BE6647 /* fatsprites.jpg in Resources */,
				913B41281908026100BE6647 /* fatcardojump1.png in Resources */,
				913B412D1908026100BE6647 /* flappground.png in Resources */,
				913B41291908026100BE6647 /* fatcardojump1body.png in Resources */,
				913B411D1908026100BE6647 /* ellisBirdUp.png in Resources */,
				913B41251908026100BE6647 /* fatCaedomove1.png in Resources */,
				913B41231908026100BE6647 /* EllisRedBirdUp.png in Resources */,
				913C00FC1910341200366753 /* alarm_clock_buzzer_ringing.mp3 in Resources */,
				913B41331908026100BE6647 /* image3.jpg in Resources */,
				913B41151908026100BE6647 /* caseyjump.png in Resources */,
				913B41391908026100BE6647 /* taco.jpg in Resources */,
				913B412F1908026100BE6647 /* flappybirdbackground.png in Resources */,
				913B411B1908026100BE6647 /* ellisasabird.png in Resources */,
				913B41381908026100BE6647 /* sonicFat2.png in Resources */,
				913B41141908026100BE6647 /* CardosFace.png in Resources */,
				913B41131908026100BE6647 /* cardo.jpg in Resources */,
				913B41171908026100BE6647 /* caseywalking1copy.png in Resources */,
				913B41261908026100BE6647 /* fatCardo.png in Resources */,
				913B41161908026100BE6647 /* caseywalking1.paint in Resources */,
				913B41341908026100BE6647 /* image4.jpg in Resources */,
				913B41271908026100BE6647 /* fatcardo2.png in Resources */,
				913B41361908026100BE6647 /* sonic_2_xl.jpg in Resources */,
				913B41211908026100BE6647 /* EllisRedBirdDown.paint in Resources */,
				913B41221908026100BE6647 /* EllisRedBirdDown.png in Resources */,
				919E9E3318E8FFC50011217E /* Images.xcassets in Resources */,
				913B41181908026100BE6647 /* caseywalking2.paint in Resources */,
				913B411C1908026100BE6647 /* ellisBirdUp.paint in Resources */,
				913B413A1908026100BE6647 /* topPipeflappy.png in Resources */,
				913B411A1908026100BE6647 /* dorito.jpg in Resources */,
				913B41241908026100BE6647 /* ellissmallbird.png in Resources */,
				913B412A1908026100BE6647 /* fatcardojump1layer.paint in Resources */,
				913B41371908026100BE6647 /* sonicFat2.paint in Resources */,
				913B41191908026100BE6647 /* caseywalking2.png in Resources */,
				913B411E1908026100BE6647 /* ellishead.png in Resources */,
				919E9E2218E8FFC50011217E /* InfoPlist.strings in Resources */,
				913B412E1908026100BE6647 /* flappybird.png in Resources */,
				919E9E2B18E8FFC50011217E /* Main.storyboard in Resources */,
				913B412B1908026100BE6647 /* fatCardomove2.png in Resources */,
				913B41201908026100BE6647 /* ellisheaddown.png in Resources */,
				913B41321908026100BE6647 /* image2.jpg in Resources */,
				913B41111908026100BE6647 /* botpipeFlappy.png in Resources */,
			);
			runOnlyForDeploymentPostprocessing = 0;
		};
		919E9E3618E8FFC50011217E /* Resources */ = {
			isa = PBXResourcesBuildPhase;
			buildActionMask = 2147483647;
			files = (
				919E9E4418E8FFC50011217E /* InfoPlist.strings in Resources */,
			);
			runOnlyForDeploymentPostprocessing = 0;
		};
/* End PBXResourcesBuildPhase section */

/* Begin PBXSourcesBuildPhase section */
		919E9E1018E8FFC50011217E /* Sources */ = {
			isa = PBXSourcesBuildPhase;
			buildActionMask = 2147483647;
			files = (
				919E9E3118E8FFC50011217E /* SnoozlessDetailViewController.m in Sources */,
				919E9E2E18E8FFC50011217E /* SnoozlessMasterViewController.m in Sources */,
				919E9E2418E8FFC50011217E /* main.m in Sources */,
				913C014D1911627B00366753 /* Cuddler2.m in Sources */,
				919E9E5118E900FC0011217E /* Alarm.m in Sources */,
				913C00FA190C6C0500366753 /* matchingViewController.m in Sources */,
				913C014A191161E400366753 /* Game2.m in Sources */,
				919E9E2818E8FFC50011217E /* SnoozlessAppDelegate.m in Sources */,
			);
			runOnlyForDeploymentPostprocessing = 0;
		};
		919E9E3418E8FFC50011217E /* Sources */ = {
			isa = PBXSourcesBuildPhase;
			buildActionMask = 2147483647;
			files = (
				919E9E4618E8FFC50011217E /* snoozlessAlarmTests.m in Sources */,
			);
			runOnlyForDeploymentPostprocessing = 0;
		};
/* End PBXSourcesBuildPhase section */

/* Begin PBXTargetDependency section */
		919E9E3E18E8FFC50011217E /* PBXTargetDependency */ = {
			isa = PBXTargetDependency;
			target = 919E9E1318E8FFC50011217E /* snoozlessAlarm */;
			targetProxy = 919E9E3D18E8FFC50011217E /* PBXContainerItemProxy */;
		};
/* End PBXTargetDependency section */

/* Begin PBXVariantGroup section */
		919E9E2018E8FFC50011217E /* InfoPlist.strings */ = {
			isa = PBXVariantGroup;
			children = (
				919E9E2118E8FFC50011217E /* en */,
			);
			name = InfoPlist.strings;
			sourceTree = "<group>";
		};
		919E9E2918E8FFC50011217E /* Main.storyboard */ = {
			isa = PBXVariantGroup;
			children = (
				919E9E2A18E8FFC50011217E /* Base */,
			);
			name = Main.storyboard;
			sourceTree = "<group>";
		};
		919E9E4218E8FFC50011217E /* InfoPlist.strings */ = {
			isa = PBXVariantGroup;
			children = (
				919E9E4318E8FFC50011217E /* en */,
			);
			name = InfoPlist.strings;
			sourceTree = "<group>";
		};
/* End PBXVariantGroup section */

/* Begin XCBuildConfiguration section */
		919E9E4718E8FFC50011217E /* Debug */ = {
			isa = XCBuildConfiguration;
			buildSettings = {
				ALWAYS_SEARCH_USER_PATHS = NO;
				CLANG_CXX_LANGUAGE_STANDARD = "gnu++0x";
				CLANG_CXX_LIBRARY = "libc++";
				CLANG_ENABLE_MODULES = YES;
				CLANG_ENABLE_OBJC_ARC = YES;
				CLANG_WARN_BOOL_CONVERSION = YES;
				CLANG_WARN_CONSTANT_CONVERSION = YES;
				CLANG_WARN_DIRECT_OBJC_ISA_USAGE = YES_ERROR;
				CLANG_WARN_EMPTY_BODY = YES;
				CLANG_WARN_ENUM_CONVERSION = YES;
				CLANG_WARN_INT_CONVERSION = YES;
				CLANG_WARN_OBJC_ROOT_CLASS = YES_ERROR;
				CLANG_WARN__DUPLICATE_METHOD_MATCH = YES;
				"CODE_SIGN_IDENTITY[sdk=iphoneos*]" = "iPhone Developer";
				COPY_PHASE_STRIP = NO;
				GCC_C_LANGUAGE_STANDARD = gnu99;
				GCC_DYNAMIC_NO_PIC = NO;
				GCC_OPTIMIZATION_LEVEL = 0;
				GCC_PREPROCESSOR_DEFINITIONS = (
					"DEBUG=1",
					"$(inherited)",
				);
				GCC_SYMBOLS_PRIVATE_EXTERN = NO;
				GCC_WARN_64_TO_32_BIT_CONVERSION = YES;
				GCC_WARN_ABOUT_RETURN_TYPE = YES_ERROR;
				GCC_WARN_UNDECLARED_SELECTOR = YES;
				GCC_WARN_UNINITIALIZED_AUTOS = YES_AGGRESSIVE;
				GCC_WARN_UNUSED_FUNCTION = YES;
				GCC_WARN_UNUSED_VARIABLE = YES;
				IPHONEOS_DEPLOYMENT_TARGET = 7.1;
				ONLY_ACTIVE_ARCH = YES;
				SDKROOT = iphoneos;
			};
			name = Debug;
		};
		919E9E4818E8FFC50011217E /* Release */ = {
			isa = XCBuildConfiguration;
			buildSettings = {
				ALWAYS_SEARCH_USER_PATHS = NO;
				CLANG_CXX_LANGUAGE_STANDARD = "gnu++0x";
				CLANG_CXX_LIBRARY = "libc++";
				CLANG_ENABLE_MODULES = YES;
				CLANG_ENABLE_OBJC_ARC = YES;
				CLANG_WARN_BOOL_CONVERSION = YES;
				CLANG_WARN_CONSTANT_CONVERSION = YES;
				CLANG_WARN_DIRECT_OBJC_ISA_USAGE = YES_ERROR;
				CLANG_WARN_EMPTY_BODY = YES;
				CLANG_WARN_ENUM_CONVERSION = YES;
				CLANG_WARN_INT_CONVERSION = YES;
				CLANG_WARN_OBJC_ROOT_CLASS = YES_ERROR;
				CLANG_WARN__DUPLICATE_METHOD_MATCH = YES;
				"CODE_SIGN_IDENTITY[sdk=iphoneos*]" = "iPhone Developer";
				COPY_PHASE_STRIP = YES;
				ENABLE_NS_ASSERTIONS = NO;
				GCC_C_LANGUAGE_STANDARD = gnu99;
				GCC_WARN_64_TO_32_BIT_CONVERSION = YES;
				GCC_WARN_ABOUT_RETURN_TYPE = YES_ERROR;
				GCC_WARN_UNDECLARED_SELECTOR = YES;
				GCC_WARN_UNINITIALIZED_AUTOS = YES_AGGRESSIVE;
				GCC_WARN_UNUSED_FUNCTION = YES;
				GCC_WARN_UNUSED_VARIABLE = YES;
				IPHONEOS_DEPLOYMENT_TARGET = 7.1;
				SDKROOT = iphoneos;
				VALIDATE_PRODUCT = YES;
			};
			name = Release;
		};
		919E9E4A18E8FFC50011217E /* Debug */ = {
			isa = XCBuildConfiguration;
			buildSettings = {
				ASSETCATALOG_COMPILER_APPICON_NAME = AppIcon;
				ASSETCATALOG_COMPILER_LAUNCHIMAGE_NAME = LaunchImage;
				GCC_PRECOMPILE_PREFIX_HEADER = YES;
				GCC_PREFIX_HEADER = "snoozlessAlarm/snoozlessAlarm-Prefix.pch";
				INFOPLIST_FILE = "snoozlessAlarm/snoozlessAlarm-Info.plist";
				PRODUCT_NAME = "$(TARGET_NAME)";
				WRAPPER_EXTENSION = app;
			};
			name = Debug;
		};
		919E9E4B18E8FFC50011217E /* Release */ = {
			isa = XCBuildConfiguration;
			buildSettings = {
				ASSETCATALOG_COMPILER_APPICON_NAME = AppIcon;
				ASSETCATALOG_COMPILER_LAUNCHIMAGE_NAME = LaunchImage;
				GCC_PRECOMPILE_PREFIX_HEADER = YES;
				GCC_PREFIX_HEADER = "snoozlessAlarm/snoozlessAlarm-Prefix.pch";
				INFOPLIST_FILE = "snoozlessAlarm/snoozlessAlarm-Info.plist";
				PRODUCT_NAME = "$(TARGET_NAME)";
				WRAPPER_EXTENSION = app;
			};
			name = Release;
		};
		919E9E4D18E8FFC50011217E /* Debug */ = {
			isa = XCBuildConfiguration;
			buildSettings = {
				BUNDLE_LOADER = "$(BUILT_PRODUCTS_DIR)/snoozlessAlarm.app/snoozlessAlarm";
				FRAMEWORK_SEARCH_PATHS = (
					"$(SDKROOT)/Developer/Library/Frameworks",
					"$(inherited)",
					"$(DEVELOPER_FRAMEWORKS_DIR)",
				);
				GCC_PRECOMPILE_PREFIX_HEADER = YES;
				GCC_PREFIX_HEADER = "snoozlessAlarm/snoozlessAlarm-Prefix.pch";
				GCC_PREPROCESSOR_DEFINITIONS = (
					"DEBUG=1",
					"$(inherited)",
				);
				INFOPLIST_FILE = "snoozlessAlarmTests/snoozlessAlarmTests-Info.plist";
				PRODUCT_NAME = "$(TARGET_NAME)";
				TEST_HOST = "$(BUNDLE_LOADER)";
				WRAPPER_EXTENSION = xctest;
			};
			name = Debug;
		};
		919E9E4E18E8FFC50011217E /* Release */ = {
			isa = XCBuildConfiguration;
			buildSettings = {
				BUNDLE_LOADER = "$(BUILT_PRODUCTS_DIR)/snoozlessAlarm.app/snoozlessAlarm";
				FRAMEWORK_SEARCH_PATHS = (
					"$(SDKROOT)/Developer/Library/Frameworks",
					"$(inherited)",
					"$(DEVELOPER_FRAMEWORKS_DIR)",
				);
				GCC_PRECOMPILE_PREFIX_HEADER = YES;
				GCC_PREFIX_HEADER = "snoozlessAlarm/snoozlessAlarm-Prefix.pch";
				INFOPLIST_FILE = "snoozlessAlarmTests/snoozlessAlarmTests-Info.plist";
				PRODUCT_NAME = "$(TARGET_NAME)";
				TEST_HOST = "$(BUNDLE_LOADER)";
				WRAPPER_EXTENSION = xctest;
			};
			name = Release;
		};
/* End XCBuildConfiguration section */

/* Begin XCConfigurationList section */
		919E9E0F18E8FFC50011217E /* Build configuration list for PBXProject "snoozlessAlarm" */ = {
			isa = XCConfigurationList;
			buildConfigurations = (
				919E9E4718E8FFC50011217E /* Debug */,
				919E9E4818E8FFC50011217E /* Release */,
			);
			defaultConfigurationIsVisible = 0;
			defaultConfigurationName = Release;
		};
		919E9E4918E8FFC50011217E /* Build configuration list for PBXNativeTarget "snoozlessAlarm" */ = {
			isa = XCConfigurationList;
			buildConfigurations = (
				919E9E4A18E8FFC50011217E /* Debug */,
				919E9E4B18E8FFC50011217E /* Release */,
			);
			defaultConfigurationIsVisible = 0;
			defaultConfigurationName = Release;
		};
		919E9E4C18E8FFC50011217E /* Build configuration list for PBXNativeTarget "snoozlessAlarmTests" */ = {
			isa = XCConfigurationList;
			buildConfigurations = (
				919E9E4D18E8FFC50011217E /* Debug */,
				919E9E4E18E8FFC50011217E /* Release */,
			);
			defaultConfigurationIsVisible = 0;
			defaultConfigurationName = Release;
		};
/* End XCConfigurationList section */
	};
	rootObject = 919E9E0C18E8FFC50011217E /* Project object */;
}
